
Microsoft Visual Studio Solution File, Format Version 12.00
# Visual Studio Version 17
VisualStudioVersion = 17.5.002.0
MinimumVisualStudioVersion = 10.0.40219.1
Project("{9A19103F-16F7-4668-BE54-9A1E7A4F7556}") = "jun-2022", "jun-2022.csproj", "{F72039E0-4B95-4419-A412-00406CA70545}"
EndProject
Global
	GlobalSection(SolutionConfigurationPlatforms) = preSolution
		Debug|Any CPU = Debug|Any CPU
		Release|Any CPU = Release|Any CPU
	EndGlobalSection
	GlobalSection(ProjectConfigurationPlatforms) = postSolution
		{F72039E0-4B95-4419-A412-00406CA70545}.Debug|Any CPU.ActiveCfg = Debug|Any CPU
		{F72039E0-4B95-4419-A412-00406CA70545}.Debug|Any CPU.Build.0 = Debug|Any CPU
		{F72039E0-4B95-4419-A412-00406CA70545}.Release|Any CPU.ActiveCfg = Release|Any CPU
		{F72039E0-4B95-4419-A412-00406CA70545}.Release|Any CPU.Build.0 = Release|Any CPU
	EndGlobalSection
	GlobalSection(SolutionProperties) = preSolution
		HideSolutionNode = FALSE
	EndGlobalSection
	GlobalSection(ExtensibilityGlobals) = postSolution
		SolutionGuid = {5E851D1B-8BE6-4AEC-AFA8-87A5AE8260C1}
	EndGlobalSection
EndGlobal
