
Microsoft Visual Studio Solution File, Format Version 12.00
# Visual Studio Version 17
VisualStudioVersion = 17.5.002.0
MinimumVisualStudioVersion = 10.0.40219.1
Project("{9A19103F-16F7-4668-BE54-9A1E7A4F7556}") = "septmebarski2-2024", "septmebarski2-2024.csproj", "{1CA0B04A-0918-4AD4-9952-F71637CBB692}"
EndProject
Global
	GlobalSection(SolutionConfigurationPlatforms) = preSolution
		Debug|Any CPU = Debug|Any CPU
		Release|Any CPU = Release|Any CPU
	EndGlobalSection
	GlobalSection(ProjectConfigurationPlatforms) = postSolution
		{1CA0B04A-0918-4AD4-9952-F71637CBB692}.Debug|Any CPU.ActiveCfg = Debug|Any CPU
		{1CA0B04A-0918-4AD4-9952-F71637CBB692}.Debug|Any CPU.Build.0 = Debug|Any CPU
		{1CA0B04A-0918-4AD4-9952-F71637CBB692}.Release|Any CPU.ActiveCfg = Release|Any CPU
		{1CA0B04A-0918-4AD4-9952-F71637CBB692}.Release|Any CPU.Build.0 = Release|Any CPU
	EndGlobalSection
	GlobalSection(SolutionProperties) = preSolution
		HideSolutionNode = FALSE
	EndGlobalSection
	GlobalSection(ExtensibilityGlobals) = postSolution
		SolutionGuid = {D5315E42-9EBB-41CF-A952-0EF5F1078152}
	EndGlobalSection
EndGlobal
