
Microsoft Visual Studio Solution File, Format Version 12.00
# Visual Studio Version 17
VisualStudioVersion = 17.5.002.0
MinimumVisualStudioVersion = 10.0.40219.1
Project("{9A19103F-16F7-4668-BE54-9A1E7A4F7556}") = "junski2024A", "junski2024A.csproj", "{BA7F46F5-8D62-4EEF-B75B-11A55F3422C0}"
EndProject
Global
	GlobalSection(SolutionConfigurationPlatforms) = preSolution
		Debug|Any CPU = Debug|Any CPU
		Release|Any CPU = Release|Any CPU
	EndGlobalSection
	GlobalSection(ProjectConfigurationPlatforms) = postSolution
		{BA7F46F5-8D62-4EEF-B75B-11A55F3422C0}.Debug|Any CPU.ActiveCfg = Debug|Any CPU
		{BA7F46F5-8D62-4EEF-B75B-11A55F3422C0}.Debug|Any CPU.Build.0 = Debug|Any CPU
		{BA7F46F5-8D62-4EEF-B75B-11A55F3422C0}.Release|Any CPU.ActiveCfg = Release|Any CPU
		{BA7F46F5-8D62-4EEF-B75B-11A55F3422C0}.Release|Any CPU.Build.0 = Release|Any CPU
	EndGlobalSection
	GlobalSection(SolutionProperties) = preSolution
		HideSolutionNode = FALSE
	EndGlobalSection
	GlobalSection(ExtensibilityGlobals) = postSolution
		SolutionGuid = {14DCADF2-4E6F-489E-BFCD-FA9ACD5C0A55}
	EndGlobalSection
EndGlobal
