
Microsoft Visual Studio Solution File, Format Version 12.00
# Visual Studio Version 17
VisualStudioVersion = 17.5.002.0
MinimumVisualStudioVersion = 10.0.40219.1
Project("{9A19103F-16F7-4668-BE54-9A1E7A4F7556}") = "New folder", "New folder.csproj", "{D55EE605-8F23-492C-A873-5562C4449BEC}"
EndProject
Global
	GlobalSection(SolutionConfigurationPlatforms) = preSolution
		Debug|Any CPU = Debug|Any CPU
		Release|Any CPU = Release|Any CPU
	EndGlobalSection
	GlobalSection(ProjectConfigurationPlatforms) = postSolution
		{D55EE605-8F23-492C-A873-5562C4449BEC}.Debug|Any CPU.ActiveCfg = Debug|Any CPU
		{D55EE605-8F23-492C-A873-5562C4449BEC}.Debug|Any CPU.Build.0 = Debug|Any CPU
		{D55EE605-8F23-492C-A873-5562C4449BEC}.Release|Any CPU.ActiveCfg = Release|Any CPU
		{D55EE605-8F23-492C-A873-5562C4449BEC}.Release|Any CPU.Build.0 = Release|Any CPU
	EndGlobalSection
	GlobalSection(SolutionProperties) = preSolution
		HideSolutionNode = FALSE
	EndGlobalSection
	GlobalSection(ExtensibilityGlobals) = postSolution
		SolutionGuid = {573EE3FE-3AE5-4FBE-B198-9881483C4DDD}
	EndGlobalSection
EndGlobal
