
Microsoft Visual Studio Solution File, Format Version 12.00
# Visual Studio Version 17
VisualStudioVersion = 17.5.002.0
MinimumVisualStudioVersion = 10.0.40219.1
Project("{9A19103F-16F7-4668-BE54-9A1E7A4F7556}") = "okt2-2024", "okt2-2024.csproj", "{CFEF97FF-14C4-4FF2-898A-C1134F4CA794}"
EndProject
Global
	GlobalSection(SolutionConfigurationPlatforms) = preSolution
		Debug|Any CPU = Debug|Any CPU
		Release|Any CPU = Release|Any CPU
	EndGlobalSection
	GlobalSection(ProjectConfigurationPlatforms) = postSolution
		{CFEF97FF-14C4-4FF2-898A-C1134F4CA794}.Debug|Any CPU.ActiveCfg = Debug|Any CPU
		{CFEF97FF-14C4-4FF2-898A-C1134F4CA794}.Debug|Any CPU.Build.0 = Debug|Any CPU
		{CFEF97FF-14C4-4FF2-898A-C1134F4CA794}.Release|Any CPU.ActiveCfg = Release|Any CPU
		{CFEF97FF-14C4-4FF2-898A-C1134F4CA794}.Release|Any CPU.Build.0 = Release|Any CPU
	EndGlobalSection
	GlobalSection(SolutionProperties) = preSolution
		HideSolutionNode = FALSE
	EndGlobalSection
	GlobalSection(ExtensibilityGlobals) = postSolution
		SolutionGuid = {B1FD6661-6296-44EA-AA61-07EE6C166EE1}
	EndGlobalSection
EndGlobal
