
Microsoft Visual Studio Solution File, Format Version 12.00
# Visual Studio Version 17
VisualStudioVersion = 17.5.002.0
MinimumVisualStudioVersion = 10.0.40219.1
Project("{9A19103F-16F7-4668-BE54-9A1E7A4F7556}") = "decembarski2023", "decembarski2023.csproj", "{7DE794D2-A8B1-4138-A8C0-5D0C8F014B0A}"
EndProject
Global
	GlobalSection(SolutionConfigurationPlatforms) = preSolution
		Debug|Any CPU = Debug|Any CPU
		Release|Any CPU = Release|Any CPU
	EndGlobalSection
	GlobalSection(ProjectConfigurationPlatforms) = postSolution
		{7DE794D2-A8B1-4138-A8C0-5D0C8F014B0A}.Debug|Any CPU.ActiveCfg = Debug|Any CPU
		{7DE794D2-A8B1-4138-A8C0-5D0C8F014B0A}.Debug|Any CPU.Build.0 = Debug|Any CPU
		{7DE794D2-A8B1-4138-A8C0-5D0C8F014B0A}.Release|Any CPU.ActiveCfg = Release|Any CPU
		{7DE794D2-A8B1-4138-A8C0-5D0C8F014B0A}.Release|Any CPU.Build.0 = Release|Any CPU
	EndGlobalSection
	GlobalSection(SolutionProperties) = preSolution
		HideSolutionNode = FALSE
	EndGlobalSection
	GlobalSection(ExtensibilityGlobals) = postSolution
		SolutionGuid = {06C7DC0B-A265-4692-9E9D-5E4A3A077608}
	EndGlobalSection
EndGlobal
